
Microsoft Visual Studio Solution File, Format Version 12.00
# Visual Studio Version 16
VisualStudioVersion = 16.0.31402.337
MinimumVisualStudioVersion = 10.0.40219.1
Project("{9A19103F-16F7-4668-BE54-9A1E7A4F7556}") = "CaixaEletronicoOO", "CaixaEletronicoOO\CaixaEletronicoOO.csproj", "{8E74B458-4927-49EB-8F35-5D5BBCFDC03D}"
EndProject
Project("{9A19103F-16F7-4668-BE54-9A1E7A4F7556}") = "CaixaEletronicoConstrutores", "CaixaEletronicoConstrutores\CaixaEletronicoConstrutores.csproj", "{A6CBABF9-6878-47C0-B805-C2B26A023409}"
EndProject
Project("{FAE04EC0-301F-11D3-BF4B-00C04F79EFBC}") = "CaixaEletronicoHeranca", "CaixaEletronicoHeranca\CaixaEletronicoHeranca.csproj", "{B14ED414-CDDB-41BA-9365-77C2EC825B64}"
EndProject
Project("{FAE04EC0-301F-11D3-BF4B-00C04F79EFBC}") = "CaixaEletronicoPolimorfismo", "CaixaEletronicoPolimorfismo\CaixaEletronicoPolimorfismo.csproj", "{8B4B24EE-7D2F-40CF-83CF-0912F4CC16B5}"
EndProject
Project("{FAE04EC0-301F-11D3-BF4B-00C04F79EFBC}") = "ListBox", "ListBox\ListBox.csproj", "{3F387AAE-4C69-44A4-8A08-338A8EC2A5EA}"
EndProject
Global
	GlobalSection(SolutionConfigurationPlatforms) = preSolution
		Debug|Any CPU = Debug|Any CPU
		Release|Any CPU = Release|Any CPU
	EndGlobalSection
	GlobalSection(ProjectConfigurationPlatforms) = postSolution
		{8E74B458-4927-49EB-8F35-5D5BBCFDC03D}.Debug|Any CPU.ActiveCfg = Debug|Any CPU
		{8E74B458-4927-49EB-8F35-5D5BBCFDC03D}.Debug|Any CPU.Build.0 = Debug|Any CPU
		{8E74B458-4927-49EB-8F35-5D5BBCFDC03D}.Release|Any CPU.ActiveCfg = Release|Any CPU
		{8E74B458-4927-49EB-8F35-5D5BBCFDC03D}.Release|Any CPU.Build.0 = Release|Any CPU
		{A6CBABF9-6878-47C0-B805-C2B26A023409}.Debug|Any CPU.ActiveCfg = Debug|Any CPU
		{A6CBABF9-6878-47C0-B805-C2B26A023409}.Debug|Any CPU.Build.0 = Debug|Any CPU
		{A6CBABF9-6878-47C0-B805-C2B26A023409}.Release|Any CPU.ActiveCfg = Release|Any CPU
		{A6CBABF9-6878-47C0-B805-C2B26A023409}.Release|Any CPU.Build.0 = Release|Any CPU
		{B14ED414-CDDB-41BA-9365-77C2EC825B64}.Debug|Any CPU.ActiveCfg = Debug|Any CPU
		{B14ED414-CDDB-41BA-9365-77C2EC825B64}.Debug|Any CPU.Build.0 = Debug|Any CPU
		{B14ED414-CDDB-41BA-9365-77C2EC825B64}.Release|Any CPU.ActiveCfg = Release|Any CPU
		{B14ED414-CDDB-41BA-9365-77C2EC825B64}.Release|Any CPU.Build.0 = Release|Any CPU
		{8B4B24EE-7D2F-40CF-83CF-0912F4CC16B5}.Debug|Any CPU.ActiveCfg = Debug|Any CPU
		{8B4B24EE-7D2F-40CF-83CF-0912F4CC16B5}.Debug|Any CPU.Build.0 = Debug|Any CPU
		{8B4B24EE-7D2F-40CF-83CF-0912F4CC16B5}.Release|Any CPU.ActiveCfg = Release|Any CPU
		{8B4B24EE-7D2F-40CF-83CF-0912F4CC16B5}.Release|Any CPU.Build.0 = Release|Any CPU
		{3F387AAE-4C69-44A4-8A08-338A8EC2A5EA}.Debug|Any CPU.ActiveCfg = Debug|Any CPU
		{3F387AAE-4C69-44A4-8A08-338A8EC2A5EA}.Debug|Any CPU.Build.0 = Debug|Any CPU
		{3F387AAE-4C69-44A4-8A08-338A8EC2A5EA}.Release|Any CPU.ActiveCfg = Release|Any CPU
		{3F387AAE-4C69-44A4-8A08-338A8EC2A5EA}.Release|Any CPU.Build.0 = Release|Any CPU
	EndGlobalSection
	GlobalSection(SolutionProperties) = preSolution
		HideSolutionNode = FALSE
	EndGlobalSection
	GlobalSection(ExtensibilityGlobals) = postSolution
		SolutionGuid = {3DCC2366-D69C-45C4-B59E-77D5902B0367}
	EndGlobalSection
EndGlobal
